	<Project xmlns="http://schemas.microsoft.com/developer/msbuild/2003">
		<PropertyGroup>
			<ProjectGuid>{3ECD7E28-3B3D-477A-BC82-465AC831A2F2}</ProjectGuid>
			<MainSource>sdCad.dpr</MainSource>
			<Config Condition="'$(Config)'==''">Debug</Config>
			<DCC_DCCCompiler>DCC32</DCC_DCCCompiler>
			<ProjectVersion>12.0</ProjectVersion>
		</PropertyGroup>
		<PropertyGroup Condition="'$(Config)'=='Base' or '$(Base)'!=''">
			<Base>true</Base>
		</PropertyGroup>
		<PropertyGroup Condition="'$(Config)'=='Release' or '$(Cfg_1)'!=''">
			<Cfg_1>true</Cfg_1>
			<CfgParent>Base</CfgParent>
			<Base>true</Base>
		</PropertyGroup>
		<PropertyGroup Condition="'$(Config)'=='Debug' or '$(Cfg_2)'!=''">
			<Cfg_2>true</Cfg_2>
			<CfgParent>Base</CfgParent>
			<Base>true</Base>
		</PropertyGroup>
		<PropertyGroup Condition="'$(Base)'!=''">
			<DCC_ImageBase>00400000</DCC_ImageBase>
			<DCC_UsePackage>vcl;rtl;vclx;indy;inet;xmlrtl;vclie;inetdbbde;inetdbxpress;dbrtl;dsnap;dsnapcon;vcldb;soaprtl;VclSmp;dbexpress;dbxcds;inetdb;bdertl;vcldbx;webdsnap;websnap;adortl;ibxpress;visualclx;visualdbclx;vclactnband;vclshlctrls;IntrawebDB_50_70;Intraweb_50_70;Rave50CLX;Rave50VCL;dclOffice2k;RxCtl7;RxDB7;RxBDE7;ESSSVO;TeeUI67;Tee67;TeeDB67;TeeLanguage67;TeePro67;TeeQR67;TeeImage67;TeeGL67;FR7;FRBDE7</DCC_UsePackage>
			<DCC_DependencyCheckOutputName>sdCad.exe</DCC_DependencyCheckOutputName>
			<DCC_UnitAlias>WinTypes=Windows;WinProcs=Windows;DbiTypes=BDE;DbiProcs=BDE;DbiErrs=BDE;$(DCC_UnitAlias)</DCC_UnitAlias>
			<DCC_Platform>x86</DCC_Platform>
			<DCC_SymbolReferenceInfo>1</DCC_SymbolReferenceInfo>
			<DCC_N>true</DCC_N>
			<DCC_S>false</DCC_S>
			<DCC_K>false</DCC_K>
			<DCC_E>false</DCC_E>
			<DCC_F>false</DCC_F>
		</PropertyGroup>
		<PropertyGroup Condition="'$(Cfg_1)'!=''">
			<DCC_LocalDebugSymbols>false</DCC_LocalDebugSymbols>
			<DCC_Define>RELEASE;$(DCC_Define)</DCC_Define>
			<DCC_SymbolReferenceInfo>0</DCC_SymbolReferenceInfo>
			<DCC_DebugInformation>false</DCC_DebugInformation>
		</PropertyGroup>
		<PropertyGroup Condition="'$(Cfg_2)'!=''">
			<DCC_Define>DEBUG;$(DCC_Define)</DCC_Define>
		</PropertyGroup>
		<ItemGroup>
			<DelphiCompile Include="sdCad.dpr">
				<MainSource>MainSource</MainSource>
			</DelphiCompile>
			<DCCReference Include="main.pas">
				<Form>MainForm</Form>
			</DCCReference>
			<DCCReference Include="ProjectOpen.pas">
				<Form>ProjectOpenForm</Form>
			</DCCReference>
			<DCCReference Include="splash.pas">
				<Form>SplashForm</Form>
			</DCCReference>
			<DCCReference Include="MainDM.pas">
				<Form>MainDataModule</Form>
				<DesignClass>TDataModule</DesignClass>
			</DCCReference>
			<DCCReference Include="public_unit.pas"/>
			<DCCReference Include="login.pas">
				<Form>LoginForm</Form>
			</DCCReference>
			<DCCReference Include="ProjectNew.pas">
				<Form>ProjectNewForm</Form>
			</DCCReference>
			<DCCReference Include="Drills.pas">
				<Form>DrillsForm</Form>
			</DCCReference>
			<DCCReference Include="DrillDiagram.pas"/>
			<DCCReference Include="DrillType.pas">
				<Form>DrillTypeForm</Form>
			</DCCReference>
			<DCCReference Include="EarthType.pas">
				<Form>EarthTypeForm</Form>
			</DCCReference>
			<DCCReference Include="Stratum.pas">
				<Form>StratumForm</Form>
			</DCCReference>
			<DCCReference Include="YuanWeiCeShi.pas">
				<Form>YuanWeiCeShiForm</Form>
			</DCCReference>
			<DCCReference Include="Borer.pas">
				<Form>BorerTypeForm</Form>
			</DCCReference>
			<DCCReference Include="Stratum_desc.pas">
				<Form>Stratum_descForm</Form>
			</DCCReference>
			<DCCReference Include="DPTCoefficient.pas">
				<Form>DPTCoefficientForm</Form>
			</DCCReference>
			<DCCReference Include="Section.pas">
				<Form>SectionForm</Form>
			</DCCReference>
			<DCCReference Include="SectionDrill.pas">
				<Form>SectionDrillForm</Form>
			</DCCReference>
			<DCCReference Include="CPT.pas">
				<Form>CPTForm</Form>
			</DCCReference>
			<DCCReference Include="EarthSample.pas">
				<Form>EarthSampleForm</Form>
			</DCCReference>
			<DCCReference Include="SdCadMath.pas"/>
			<DCCReference Include="SectionTotal.pas">
				<Form>SectionTotalForm</Form>
			</DCCReference>
			<DCCReference Include="StratumCategory.pas">
				<Form>StratumCategoryForm</Form>
			</DCCReference>
			<DCCReference Include="CrossBoard.pas">
				<Form>CrossBoardForm</Form>
			</DCCReference>
			<DCCReference Include="Preview.pas">
				<Form>PreviewForm</Form>
			</DCCReference>
			<DCCReference Include="ChengZaiLiTeZhengZhi.pas">
				<Form>ChengZaiLiTeZhengZhiForm</Form>
			</DCCReference>
			<DCCReference Include="CptPrint.pas">
				<Form>CptPrintForm</Form>
			</DCCReference>
			<DCCReference Include="ZhuZhuangTu.pas">
				<Form>ZhuZhuangTuForm</Form>
			</DCCReference>
			<DCCReference Include="TuYangDaoRu.pas">
				<Form>TuYangDaoRuForm</Form>
			</DCCReference>
			<DCCReference Include="DrillPosition.pas">
				<Form>DrillPositionForm</Form>
			</DCCReference>
			<DCCReference Include="UReconYWCS02.pas">
				<Form>ReconYWCS02</Form>
			</DCCReference>
			<DCCReference Include="ChargeUnit92.pas">
				<Form>ChargeForm92</Form>
			</DCCReference>
			<DCCReference Include="Expression.pas">
				<Form>ExpressForm</Form>
			</DCCReference>
			<DCCReference Include="Expression02.pas">
				<Form>ExpressForm02</Form>
			</DCCReference>
			<DCCReference Include="OtherCharges02.pas">
				<Form>FOtherCharges02</Form>
			</DCCReference>
			<DCCReference Include="OtherCharges92.pas">
				<Form>FOtherCharges92</Form>
			</DCCReference>
			<DCCReference Include="UAdjustment.pas">
				<Form>FAdjustment</Form>
			</DCCReference>
			<DCCReference Include="UCategory02.pas">
				<Form>FrmCategory02</Form>
			</DCCReference>
			<DCCReference Include="UCategory92.pas">
				<Form>FrmCategory92</Form>
			</DCCReference>
			<DCCReference Include="UCategoryMap02.pas">
				<Form>FrmCMap02</Form>
			</DCCReference>
			<DCCReference Include="UExperiment02.pas">
				<Form>Experiment02</Form>
			</DCCReference>
			<DCCReference Include="UExperiment92.pas">
				<Form>Experiment92</Form>
			</DCCReference>
			<DCCReference Include="UReconCharge92.pas">
				<Form>ReconCharge92</Form>
			</DCCReference>
			<DCCReference Include="UReconEWS02.pas">
				<Form>ReconEWS02</Form>
			</DCCReference>
			<DCCReference Include="UReconKT02.pas">
				<Form>ReconKT02</Form>
			</DCCReference>
			<DCCReference Include="UReconMap02.pas">
				<Form>ReconMap02</Form>
			</DCCReference>
			<DCCReference Include="ChargeUnit02.pas">
				<Form>ChargeForm02</Form>
			</DCCReference>
			<DCCReference Include="WuLiLiXue.pas">
				<Form>WuLiLiXueForm</Form>
			</DCCReference>
			<DCCReference Include="YanTuMiaoShu.pas">
				<Form>YanTuMiaoShuForm</Form>
			</DCCReference>
			<DCCReference Include="Legend.pas">
				<Form>LegendForm</Form>
			</DCCReference>
			<DCCReference Include="Ck_fak.pas">
				<Form>Ck_fakForm</Form>
			</DCCReference>
			<DCCReference Include="JieKong.pas">
				<Form>JieKongForm</Form>
			</DCCReference>
			<DCCReference Include="About.pas">
				<Form>AboutForm</Form>
			</DCCReference>
			<DCCReference Include="YanTuMCTiHuan.pas">
				<Form>FormYanTuMCTiHuan</Form>
			</DCCReference>
			<DCCReference Include="JingTanTongJi.pas">
				<Form>JingTanTongJiForm</Form>
			</DCCReference>
			<DCCReference Include="ReportOutput.pas">
				<Form>frmCharge92</Form>
			</DCCReference>
			<DCCReference Include="Unit1.pas">
				<Form>frmCharge02</Form>
			</DCCReference>
			<DCCReference Include="CrossBoardPrint.pas">
				<Form>CrossBoardPrintForm</Form>
			</DCCReference>
			<DCCReference Include="ReportLangSelect.pas">
				<Form>ReportLangSelectForm</Form>
			</DCCReference>
			<DCCReference Include="FenCengYaSuo.pas">
				<Form>FenCengYaSuoForm</Form>
			</DCCReference>
			<BuildConfiguration Include="Base">
				<Key>Base</Key>
			</BuildConfiguration>
			<BuildConfiguration Include="Debug">
				<Key>Cfg_2</Key>
				<CfgParent>Base</CfgParent>
			</BuildConfiguration>
			<BuildConfiguration Include="Release">
				<Key>Cfg_1</Key>
				<CfgParent>Base</CfgParent>
			</BuildConfiguration>
		</ItemGroup>
		<Import Project="$(BDS)\Bin\CodeGear.Delphi.Targets" Condition="Exists('$(BDS)\Bin\CodeGear.Delphi.Targets')"/>
		<ProjectExtensions>
			<Borland.Personality>Delphi.Personality.12</Borland.Personality>
			<Borland.ProjectType>VCLApplication</Borland.ProjectType>
			<BorlandProject>
				<Delphi.Personality>
					<Source>
						<Source Name="MainSource">sdCad.dpr</Source>
					</Source>
					<Parameters>
						<Parameters Name="UseLauncher">False</Parameters>
						<Parameters Name="LoadAllSymbols">True</Parameters>
						<Parameters Name="LoadUnspecifiedSymbols">False</Parameters>
					</Parameters>
					<VersionInfo>
						<VersionInfo Name="IncludeVerInfo">False</VersionInfo>
						<VersionInfo Name="AutoIncBuild">False</VersionInfo>
						<VersionInfo Name="MajorVer">1</VersionInfo>
						<VersionInfo Name="MinorVer">0</VersionInfo>
						<VersionInfo Name="Release">0</VersionInfo>
						<VersionInfo Name="Build">0</VersionInfo>
						<VersionInfo Name="Debug">False</VersionInfo>
						<VersionInfo Name="PreRelease">False</VersionInfo>
						<VersionInfo Name="Special">False</VersionInfo>
						<VersionInfo Name="Private">False</VersionInfo>
						<VersionInfo Name="DLL">False</VersionInfo>
						<VersionInfo Name="Locale">2052</VersionInfo>
						<VersionInfo Name="CodePage">936</VersionInfo>
					</VersionInfo>
					<VersionInfoKeys>
						<VersionInfoKeys Name="CompanyName"/>
						<VersionInfoKeys Name="FileDescription"/>
						<VersionInfoKeys Name="FileVersion">1.0.0.0</VersionInfoKeys>
						<VersionInfoKeys Name="InternalName"/>
						<VersionInfoKeys Name="LegalCopyright"/>
						<VersionInfoKeys Name="LegalTrademarks"/>
						<VersionInfoKeys Name="OriginalFilename"/>
						<VersionInfoKeys Name="ProductName"/>
						<VersionInfoKeys Name="ProductVersion">1.0.0.0</VersionInfoKeys>
						<VersionInfoKeys Name="Comments"/>
					</VersionInfoKeys>
				</Delphi.Personality>
			</BorlandProject>
			<ProjectFileVersion>12</ProjectFileVersion>
		</ProjectExtensions>
	</Project>
